<?xml version="1.0" encoding="utf-8"?>
<Project ToolsVersion="4.0" xmlns="http://schemas.microsoft.com/developer/msbuild/2003">
  <ItemGroup>
    <None Include="README.md" />
    <None Include="chatgpt_cdecl_example.md" />
  </ItemGroup>
  <ItemGroup>
    <ClCompile Include="source\AdjustExpression.cpp" />
    <ClCompile Include="source\Allocation.cpp" />
    <ClCompile Include="source %28old%29\Allocator.cpp" />
    <ClCompile Include="source\ArgumentExpression.cpp" />
    <ClCompile Include="source\AssemblerLinker.cpp" />
    <ClCompile Include="source\AssemblerParser.cpp" />
    <ClCompile Include="source\AssemblerToolchain.cpp" />
    <ClCompile Include="source\AutoErrorContext.cpp" />
    <ClCompile Include="source\AutoJob.cpp" />
    <ClCompile Include="source\AutoJSON.cpp" />
    <ClCompile Include="source\Bimap.cpp" />
    <ClCompile Include="source\BinaryExpression.cpp" />
    <ClCompile Include="source\BinaryUtilities.cpp" />
    <ClCompile Include="source\ColorIntrinsic.cpp" />
    <ClCompile Include="source\Command.cpp" />
    <ClCompile Include="source\CommandLineParser.cpp" />
    <ClCompile Include="source\CommonErrors.cpp" />
    <ClCompile Include="source\CommonToolchain.cpp" />
    <ClCompile Include="source\CompilerLinker.cpp" />
    <ClCompile Include="source\CompilerParser.cpp" />
    <ClCompile Include="source\CompilerToolchain.cpp" />
    <ClCompile Include="source\CompoundStatement.cpp" />
    <ClCompile Include="source\Context.cpp" />
    <ClCompile Include="source\DependencyInjector.cpp" />
    <ClCompile Include="source\Disassembler.cpp" />
    <ClCompile Include="source\DotDefineCommand.cpp" />
    <ClCompile Include="source\DotOrgCommand.cpp" />
    <ClCompile Include="source\Emitter.cpp" />
    <ClCompile Include="source\Error.cpp" />
    <ClCompile Include="source\ErrorContext.cpp" />
    <ClCompile Include="source\ErrorReporter.cpp" />
    <ClCompile Include="source\Evaluator.cpp" />
    <ClCompile Include="source\ExitProgramException.cpp" />
    <ClCompile Include="source\ExitStatement.cpp" />
    <ClCompile Include="source\Expression.cpp" />
    <ClCompile Include="source\ExpressionStatement.cpp" />
    <ClCompile Include="source\ExtendedInteger.cpp" />
    <ClCompile Include="source\File.cpp" />
    <ClCompile Include="source\FileManager.cpp" />
    <ClCompile Include="source\ForStatement.cpp" />
    <ClCompile Include="source\Function.cpp" />
    <ClCompile Include="source\FunctionArgumentExpression.cpp" />
    <ClCompile Include="source\FunctionCallExpression.cpp" />
    <ClCompile Include="source\Generator.cpp" />
    <ClCompile Include="source\HeapAllocator.cpp" />
    <ClCompile Include="source\IdentifierExpression.cpp" />
    <ClCompile Include="source\IfStatement.cpp" />
    <ClCompile Include="source\InlineAsmStatement.cpp" />
    <ClCompile Include="source\InstructionCommand.cpp" />
    <ClCompile Include="source\InstructionValidator.cpp" />
    <ClCompile Include="source\IntegerLiteral.cpp" />
    <ClCompile Include="source\IntegerLiteralExpression.cpp" />
    <ClCompile Include="source\IntermediateCommand.cpp" />
    <ClCompile Include="source\Job.cpp" />
    <ClCompile Include="source\JobManager.cpp" />
    <ClCompile Include="source\JSON.cpp" />
    <ClCompile Include="source\LabelCommand.cpp" />
    <ClCompile Include="source\Lexer.cpp" />
    <ClCompile Include="source\Linkable.cpp" />
    <ClCompile Include="source\Linker.cpp" />
    <ClCompile Include="source\Log.cpp" />
    <ClCompile Include="source\Main.cpp" />
    <ClCompile Include="source\MemberDeclarationExpression.cpp" />
    <ClCompile Include="source\NullStatement.cpp" />
    <ClCompile Include="source\Parser.cpp" />
    <ClCompile Include="source\PEBuilder.cpp" />
    <ClCompile Include="source\Preprocessor.cpp" />
    <ClCompile Include="source\PrintStatement.cpp" />
    <ClCompile Include="source\Random.cpp" />
    <ClCompile Include="source\ReturnStatement.cpp" />
    <ClCompile Include="source\RuntimeAllocator.cpp" />
    <ClCompile Include="source\Scanner.cpp" />
    <ClCompile Include="source\Simulator.cpp" />
    <ClCompile Include="source\StackAllocator.cpp" />
    <ClCompile Include="source\Statement.cpp" />
    <ClCompile Include="source\StringExpression.cpp" />
    <ClCompile Include="source\StructDeclarationStatement.cpp" />
    <ClCompile Include="source\StructMember.cpp" />
    <ClCompile Include="source\Symbol.cpp" />
    <ClCompile Include="source\SymbolDatabase.cpp" />
    <ClCompile Include="source\SymbolExporter.cpp" />
    <ClCompile Include="source\Test.cpp" />
    <ClCompile Include="source\Toolchain.cpp" />
    <ClCompile Include="source\Tracking.cpp" />
    <ClCompile Include="source\Type.cpp" />
    <ClCompile Include="source\TypeCheck.cpp" />
    <ClCompile Include="source\UndoableRedoable.cpp" />
    <ClCompile Include="source\Validator.cpp" />
    <ClCompile Include="source\Variable.cpp" />
    <ClCompile Include="source\VariableStatement.cpp" />
    <ClCompile Include="source\WhileStatement.cpp" />
    <ClCompile Include="source\X86Builder.cpp" />
    <ClCompile Include="source\X86BuilderValidator.cpp" />
    <ClCompile Include="source\X86Emitter.cpp" />
    <ClCompile Include="source\X86Instruction.cpp" />
    <ClCompile Include="source\X86Linker.cpp" />
    <ClCompile Include="source\X86Operand.cpp" />
    <ClCompile Include="source %28old%29\HazeBuilder.cpp" />
    <ClCompile Include="source %28old%29\HazeEmitter.cpp" />
    <ClCompile Include="source %28old%29\HazeEvaluator.cpp" />
    <ClCompile Include="source\WebSocketClient.cpp" />
  </ItemGroup>
  <ItemGroup>
    <ClInclude Include="include\AdjustExpression.h" />
    <ClInclude Include="include\Allocator.h" />
    <ClInclude Include="include\ArchitectureType.h" />
    <ClInclude Include="include\ArgumentExpression.h" />
    <ClInclude Include="include\AssemblerLinker.h" />
    <ClInclude Include="include\AssemblerParser.h" />
    <ClInclude Include="include\AssemblerToolchain.h" />
    <ClInclude Include="include\AutoErrorContext.h" />
    <ClInclude Include="include\AutoJob.h" />
    <ClInclude Include="include\AutoJSON.h" />
    <ClInclude Include="include\Bimap.h" />
    <ClInclude Include="include\BinaryCommandType.h" />
    <ClInclude Include="include\BinaryConstants.h" />
    <ClInclude Include="include\BinaryExpression.h" />
    <ClInclude Include="include\BinaryExpressionType.h" />
    <ClInclude Include="include\BinaryUtilities.h" />
    <ClInclude Include="include\BranchCommandType.h" />
    <ClInclude Include="include\ColorIntrinsic.h" />
    <ClInclude Include="include\Command.h" />
    <ClInclude Include="include\CommandLineOptions.h" />
    <ClInclude Include="include\CommandLineParser.h" />
    <ClInclude Include="include\CommandType.h" />
    <ClInclude Include="include\CommonErrors.h" />
    <ClInclude Include="include\CommonToolchain.h" />
    <ClInclude Include="include\CompilerLinker.h" />
    <ClInclude Include="include\CompilerParser.h" />
    <ClInclude Include="include\CompilerToolchain.h" />
    <ClInclude Include="include\CompoundStatement.h" />
    <ClInclude Include="include\Constants.h" />
    <ClInclude Include="include\DotDefineCommand.h" />
    <ClInclude Include="include\DotOrgCommand.h" />
    <ClInclude Include="include\Emitter.h" />
    <ClInclude Include="include\EmitterType.h" />
    <ClInclude Include="include\Error.h" />
    <ClInclude Include="include\ErrorContext.h" />
    <ClInclude Include="include\ErrorReporter.h" />
    <ClInclude Include="include\ErrorType.h" />
    <ClInclude Include="include\ExecutionType.h" />
    <ClInclude Include="include\ExitStatement.h" />
    <ClInclude Include="include\Expression.h" />
    <ClInclude Include="include\ExpressionStatement.h" />
    <ClInclude Include="include\ExpressionType.h" />
    <ClInclude Include="include\ExpressionUtility.h" />
    <ClInclude Include="include\File.h" />
    <ClInclude Include="include\ForStatement.h" />
    <ClInclude Include="include\FunctionArgumentExpression.h" />
    <ClInclude Include="include\FunctionCallExpression.h" />
    <ClInclude Include="include\HazeEmitter.h" />
    <ClInclude Include="include\HeapAllocator.h" />
    <ClInclude Include="include\IdentifierExpression.h" />
    <ClInclude Include="include\IfStatement.h" />
    <ClInclude Include="include\InlineAsmStatement.h" />
    <ClInclude Include="include\InstructionCommand.h" />
    <ClInclude Include="include\InstructionValidator.h" />
    <ClInclude Include="include\IntegerLiteralExpression.h" />
    <ClInclude Include="include\IntermediateCommand.h" />
    <ClInclude Include="include\Job.h" />
    <ClInclude Include="include\JobManager.h" />
    <ClInclude Include="include\JSON.h" />
    <ClInclude Include="include\LabelCommand.h" />
    <ClInclude Include="include\Lexer.h" />
    <ClInclude Include="include\Linker.h" />
    <ClInclude Include="include\LinkerType.h" />
    <ClInclude Include="include\Log.h" />
    <ClInclude Include="include\MemberDeclarationExpression.h" />
    <ClInclude Include="include\NullStatement.h" />
    <ClInclude Include="include\OptimizationType.h" />
    <ClInclude Include="include\OptionType.h" />
    <ClInclude Include="include\Parser.h" />
    <ClInclude Include="include\ParserType.h" />
    <ClInclude Include="include\PlatformVariables.h" />
    <ClInclude Include="include\Preprocessor.h" />
    <ClInclude Include="include\PrintStatement.h" />
    <ClInclude Include="include\ReturnStatement.h" />
    <ClInclude Include="include\RuntimeAllocator.h" />
    <ClInclude Include="include\Scanner.h" />
    <ClInclude Include="include\Simulator.h" />
    <ClInclude Include="include\StackAllocator.h" />
    <ClInclude Include="include\Statement.h" />
    <ClInclude Include="include\StatementType.h" />
    <ClInclude Include="include\StringExpression.h" />
    <ClInclude Include="include\StructDeclarationStatement.h" />
    <ClInclude Include="include\Symbol.h" />
    <ClInclude Include="include\SymbolDatabase.h" />
    <ClInclude Include="include\SymbolExporter.h" />
    <ClInclude Include="include\SymbolType.h" />
    <ClInclude Include="include\Toolchain.h" />
    <ClInclude Include="include\ToolchainType.h" />
    <ClInclude Include="include\Tracking.h" />
    <ClInclude Include="include\Type.h" />
    <ClInclude Include="include\TypeCheck.h" />
    <ClInclude Include="include\TypeQualifier.h" />
    <ClInclude Include="include\TypeSignedness.h" />
    <ClInclude Include="include\TypeSpecifier.h" />
    <ClInclude Include="include\TypeStorage.h" />
    <ClInclude Include="include\TypeType.h" />
    <ClInclude Include="include\UndoableRedoable.h" />
    <ClInclude Include="include\Validator.h" />
    <ClInclude Include="include\VariableStatement.h" />
    <ClInclude Include="include\VerbosityType.h" />
    <ClInclude Include="include\WhileStatement.h" />
    <ClInclude Include="include\X86Builder.h" />
    <ClInclude Include="include\X86BuilderValidator.h" />
    <ClInclude Include="include\X86Emitter.h" />
    <ClInclude Include="include\X86Instruction.h" />
    <ClInclude Include="include\X86InstructionType.h" />
    <ClInclude Include="include\X86JccInstructionType.h" />
    <ClInclude Include="include\X86Linker.h" />
    <ClInclude Include="include\X86Operand.h" />
    <ClInclude Include="include\X86OperandType.h" />
    <ClInclude Include="include\X86Register.h" />
    <ClInclude Include="include\X86SetccInstructionType.h" />
    <ClInclude Include="include\allocator\Allocation.h" />
    <ClInclude Include="include\allocator\AllocationType.h" />
    <ClInclude Include="include\allocator\HeapAllocator.h" />
    <ClInclude Include="include\allocator\RuntimeAllocator.h" />
    <ClInclude Include="include\allocator\StackAllocator.h" />
    <ClInclude Include="include\cli\ArchitectureType.h" />
    <ClInclude Include="include\cli\CommandLineOptions.h" />
    <ClInclude Include="include\cli\CommandLineParser.h" />
    <ClInclude Include="include\cli\ExecutionType.h" />
    <ClInclude Include="include\cli\OptimizationType.h" />
    <ClInclude Include="include\cli\OptionType.h" />
    <ClInclude Include="include\cli\VerbosityType.h" />
    <ClInclude Include="include\command\BinaryCommandType.h" />
    <ClInclude Include="include\command\BranchCommandType.h" />
    <ClInclude Include="include\command\Command.h" />
    <ClInclude Include="include\command\CommandType.h" />
    <ClInclude Include="include\command\DotDefineCommand.h" />
    <ClInclude Include="include\command\DotOrgCommand.h" />
    <ClInclude Include="include\command\InstructionCommand.h" />
    <ClInclude Include="include\command\IntermediateCommand.h" />
    <ClInclude Include="include\command\LabelCommand.h" />
    <ClInclude Include="include\runtime\Context.h" />
    <ClInclude Include="include\data\Tracking.h" />
    <ClInclude Include="include\data\UndoableRedoable.h" />
    <ClInclude Include="include\data\DependencyInjector.h" />
    <ClInclude Include="include\runtime\Disassembler.h" />
    <ClInclude Include="include\toolchain\Emitter.h" />
    <ClInclude Include="include\toolchain\EmitterType.h" />
    <ClInclude Include="source %28old%29\HazeEmitter.h" />
    <ClInclude Include="include\toolchain\X86Emitter.h" />
    <ClInclude Include="include\error\AutoErrorContext.h" />
    <ClInclude Include="include\error\CommonErrors.h" />
    <ClInclude Include="include\error\Error.h" />
    <ClInclude Include="include\error\ErrorContext.h" />
    <ClInclude Include="include\error\ErrorReporter.h" />
    <ClInclude Include="include\error\ErrorType.h" />
    <ClInclude Include="include\runtime\Evaluator.h" />
    <ClInclude Include="include\io\WebSocketClient.h" />
    <ClInclude Include="include\utility\ExitProgramException.h" />
    <ClInclude Include="include\ast\AdjustExpression.h" />
    <ClInclude Include="include\ast\ArgumentExpression.h" />
    <ClInclude Include="include\ast\BinaryExpression.h" />
    <ClInclude Include="include\ast\BinaryExpressionType.h" />
    <ClInclude Include="include\ast\Expression.h" />
    <ClInclude Include="include\ast\ExpressionStatement.h" />
    <ClInclude Include="include\ast\ExpressionType.h" />
    <ClInclude Include="include\ast\FunctionArgumentExpression.h" />
    <ClInclude Include="include\ast\FunctionCallExpression.h" />
    <ClInclude Include="include\ast\IdentifierExpression.h" />
    <ClInclude Include="include\ast\IntegerLiteralExpression.h" />
    <ClInclude Include="include\ast\MemberDeclarationExpression.h" />
    <ClInclude Include="include\ast\StringExpression.h" />
    <ClInclude Include="include\utility\ExtendedInteger.h" />
    <ClInclude Include="include\io\FileManager.h" />
    <ClInclude Include="include\ast\Function.h" />
    <ClInclude Include="include\toolchain\Generator.h" />
    <ClInclude Include="source %28old%29\HazeBuilder.h" />
    <ClInclude Include="source %28old%29\HazeEvaluator.h" />
    <ClInclude Include="include\toolchain\models\InstructionEncoding.h" />
    <ClInclude Include="include\command\models\IntegerLiteral.h" />
    <ClInclude Include="include\command\models\IntegerLiteralType.h" />
    <ClInclude Include="include\command\IntermediateType.h" />
    <ClInclude Include="include\type\IntTypeType.h" />
    <ClInclude Include="include\job\AutoJob.h" />
    <ClInclude Include="include\job\Job.h" />
    <ClInclude Include="include\job\JobManager.h" />
    <ClInclude Include="include\toolchain\Lexer.h" />
    <ClInclude Include="include\toolchain\Preprocessor.h" />
    <ClInclude Include="include\toolchain\Scanner.h" />
    <ClInclude Include="include\toolchain\Linkable.h" />
    <ClInclude Include="include\toolchain\AssemblerLinker.h" />
    <ClInclude Include="include\toolchain\CompilerLinker.h" />
    <ClInclude Include="include\toolchain\Linker.h" />
    <ClInclude Include="include\toolchain\LinkerType.h" />
    <ClInclude Include="include\toolchain\X86Linker.h" />
    <ClInclude Include="include\ast\Node.h" />
    <ClInclude Include="include\ast\NodeType.h" />
    <ClInclude Include="include\toolchain\AssemblerParser.h" />
    <ClInclude Include="include\toolchain\CompilerParser.h" />
    <ClInclude Include="include\toolchain\Parser.h" />
    <ClInclude Include="include\toolchain\ParserType.h" />
    <ClInclude Include="include\builder\PEBuilder.h" />
    <ClInclude Include="include\utility\Random.h" />
    <ClInclude Include="include\ast\CompoundStatement.h" />
    <ClInclude Include="include\ast\ExitStatement.h" />
    <ClInclude Include="include\ast\ForStatement.h" />
    <ClInclude Include="include\ast\IfStatement.h" />
    <ClInclude Include="include\ast\InlineAsmStatement.h" />
    <ClInclude Include="include\ast\NullStatement.h" />
    <ClInclude Include="include\ast\PrintStatement.h" />
    <ClInclude Include="include\ast\ReturnStatement.h" />
    <ClInclude Include="include\ast\Statement.h" />
    <ClInclude Include="include\ast\StatementType.h" />
    <ClInclude Include="include\ast\StructDeclarationStatement.h" />
    <ClInclude Include="include\ast\VariableStatement.h" />
    <ClInclude Include="include\ast\WhileStatement.h" />
    <ClInclude Include="include\ast\models\StructMember.h" />
    <ClInclude Include="include\symbol\Symbol.h" />
    <ClInclude Include="include\symbol\SymbolDatabase.h" />
    <ClInclude Include="include\symbol\SymbolExporter.h" />
    <ClInclude Include="include\symbol\SymbolType.h" />
    <ClInclude Include="include\validator\Test.h" />
    <ClInclude Include="include\toolchain\models\Token.h" />
    <ClInclude Include="include\toolchain\AssemblerToolchain.h" />
    <ClInclude Include="include\toolchain\CommonToolchain.h" />
    <ClInclude Include="include\toolchain\CompilerToolchain.h" />
    <ClInclude Include="include\toolchain\Toolchain.h" />
    <ClInclude Include="include\toolchain\ToolchainType.h" />
    <ClInclude Include="include\type\Type.h" />
    <ClInclude Include="include\type\TypeCheck.h" />
    <ClInclude Include="include\type\TypeQualifier.h" />
    <ClInclude Include="include\type\TypeSignedness.h" />
    <ClInclude Include="include\type\TypeSpecifier.h" />
    <ClInclude Include="include\type\TypeStorage.h" />
    <ClInclude Include="include\type\TypeType.h" />
    <ClInclude Include="include\utility\AutoJSON.h" />
    <ClInclude Include="include\utility\Bimap.h" />
    <ClInclude Include="include\utility\BinaryConstants.h" />
    <ClInclude Include="include\utility\BinaryUtilities.h" />
    <ClInclude Include="include\utility\Constants.h" />
    <ClInclude Include="include\io\models\File.h" />
    <ClInclude Include="include\utility\JSON.h" />
    <ClInclude Include="include\io\Log.h" />
    <ClInclude Include="include\utility\PlatformVariables.h" />
    <ClInclude Include="include\validator\InstructionValidator.h" />
    <ClInclude Include="include\validator\Validator.h" />
    <ClInclude Include="include\validator\X86BuilderValidator.h" />
    <ClInclude Include="include\runtime\models\Variable.h" />
    <ClInclude Include="include\runtime\models\VariableType.h" />
    <ClInclude Include="include\x86\X86Builder.h" />
    <ClInclude Include="include\x86\X86Instruction.h" />
    <ClInclude Include="include\x86\X86InstructionType.h" />
    <ClInclude Include="include\x86\X86JccInstructionType.h" />
    <ClInclude Include="include\x86\X86Operand.h" />
    <ClInclude Include="include\x86\X86OperandType.h" />
    <ClInclude Include="include\x86\X86Register.h" />
    <ClInclude Include="include\x86\X86SetccInstructionType.h" />
  </ItemGroup>
</Project>