<?xml version="1.0" encoding="utf-8"?>
<Project ToolsVersion="4.0" xmlns="http://schemas.microsoft.com/developer/msbuild/2003">
  <ItemGroup>
    <Filter Include="Source Files">
      <UniqueIdentifier>{4FC737F1-C7A5-4376-A066-2A32D752A2FF}</UniqueIdentifier>
      <Extensions>cpp;c;cc;cxx;c++;cppm;ixx;def;odl;idl;hpj;bat;asm;asmx</Extensions>
    </Filter>
    <Filter Include="Resource Files">
      <UniqueIdentifier>{67DA6AB6-F800-4c08-8B7A-83BB121AAD01}</UniqueIdentifier>
      <Extensions>rc;ico;cur;bmp;dlg;rc2;rct;bin;rgs;gif;jpg;jpeg;jpe;resx;tiff;tif;png;wav;mfcribbon-ms</Extensions>
    </Filter>
  </ItemGroup>
  <ItemGroup>
    <ClCompile Include="Symbol.cpp">
      <Filter>Source Files</Filter>
    </ClCompile>
    <ClCompile Include="Simulator.cpp">
      <Filter>Source Files</Filter>
    </ClCompile>
    <ClCompile Include="Statement.cpp">
      <Filter>Source Files</Filter>
    </ClCompile>
    <ClCompile Include="Preprocessor.cpp">
      <Filter>Source Files</Filter>
    </ClCompile>
    <ClCompile Include="Parser.cpp">
      <Filter>Source Files</Filter>
    </ClCompile>
    <ClCompile Include="Main.cpp">
      <Filter>Source Files</Filter>
    </ClCompile>
    <ClCompile Include="Lexer.cpp">
      <Filter>Source Files</Filter>
    </ClCompile>
    <ClCompile Include="IntegerLiteralExpression.cpp">
      <Filter>Source Files</Filter>
    </ClCompile>
    <ClCompile Include="InstructionValidator.cpp">
      <Filter>Source Files</Filter>
    </ClCompile>
    <ClCompile Include="IdentifierExpression.cpp">
      <Filter>Source Files</Filter>
    </ClCompile>
    <ClCompile Include="InstructionCommand.cpp">
      <Filter>Source Files</Filter>
    </ClCompile>
    <ClCompile Include="Generator.cpp">
      <Filter>Source Files</Filter>
    </ClCompile>
    <ClCompile Include="FunctionCallExpression.cpp">
      <Filter>Source Files</Filter>
    </ClCompile>
    <ClCompile Include="Function.cpp">
      <Filter>Source Files</Filter>
    </ClCompile>
    <ClCompile Include="Disassembler.cpp">
      <Filter>Source Files</Filter>
    </ClCompile>
    <ClCompile Include="Allocator.cpp">
      <Filter>Source Files</Filter>
    </ClCompile>
    <ClCompile Include="BinaryExpression.cpp">
      <Filter>Source Files</Filter>
    </ClCompile>
    <ClCompile Include="Allocation.cpp">
      <Filter>Source Files</Filter>
    </ClCompile>
    <ClCompile Include="Expression.cpp">
      <Filter>Source Files</Filter>
    </ClCompile>
    <ClCompile Include="Utility.cpp">
      <Filter>Source Files</Filter>
    </ClCompile>
    <ClCompile Include="ReturnStatement.cpp">
      <Filter>Source Files</Filter>
    </ClCompile>
    <ClCompile Include="CompoundStatement.cpp">
      <Filter>Source Files</Filter>
    </ClCompile>
    <ClCompile Include="VariableStatement.cpp">
      <Filter>Source Files</Filter>
    </ClCompile>
    <ClCompile Include="Linkable.cpp">
      <Filter>Source Files</Filter>
    </ClCompile>
    <ClCompile Include="InlineAsmStatement.cpp">
      <Filter>Source Files</Filter>
    </ClCompile>
    <ClCompile Include="Command.cpp">
      <Filter>Source Files</Filter>
    </ClCompile>
    <ClCompile Include="AssemblerParser.cpp">
      <Filter>Source Files</Filter>
    </ClCompile>
    <ClCompile Include="CompilerParser.cpp">
      <Filter>Source Files</Filter>
    </ClCompile>
    <ClCompile Include="LabelCommand.cpp">
      <Filter>Source Files</Filter>
    </ClCompile>
    <ClCompile Include="AssemblerLinker.cpp">
      <Filter>Source Files</Filter>
    </ClCompile>
    <ClCompile Include="CompilerLinker.cpp">
      <Filter>Source Files</Filter>
    </ClCompile>
    <ClCompile Include="DotOrgCommand.cpp">
      <Filter>Source Files</Filter>
    </ClCompile>
    <ClCompile Include="Declarator.cpp">
      <Filter>Source Files</Filter>
    </ClCompile>
    <ClCompile Include="InterpreterParser.cpp">
      <Filter>Source Files</Filter>
    </ClCompile>
    <ClCompile Include="Intrinsic.cpp">
      <Filter>Source Files</Filter>
    </ClCompile>
    <ClCompile Include="IntrinsicDeclarator.cpp">
      <Filter>Source Files</Filter>
    </ClCompile>
  </ItemGroup>
  <ItemGroup>
    <ClInclude Include="Validator.h">
      <Filter>Source Files</Filter>
    </ClInclude>
    <ClInclude Include="Symbol.h">
      <Filter>Source Files</Filter>
    </ClInclude>
    <ClInclude Include="Token.h">
      <Filter>Source Files</Filter>
    </ClInclude>
    <ClInclude Include="Simulator.h">
      <Filter>Source Files</Filter>
    </ClInclude>
    <ClInclude Include="Statement.h">
      <Filter>Source Files</Filter>
    </ClInclude>
    <ClInclude Include="Preprocessor.h">
      <Filter>Source Files</Filter>
    </ClInclude>
    <ClInclude Include="Parser.h">
      <Filter>Source Files</Filter>
    </ClInclude>
    <ClInclude Include="Node.h">
      <Filter>Source Files</Filter>
    </ClInclude>
    <ClInclude Include="Lexer.h">
      <Filter>Source Files</Filter>
    </ClInclude>
    <ClInclude Include="Log.h">
      <Filter>Source Files</Filter>
    </ClInclude>
    <ClInclude Include="IntegerLiteralExpression.h">
      <Filter>Source Files</Filter>
    </ClInclude>
    <ClInclude Include="InstructionCommand.h">
      <Filter>Source Files</Filter>
    </ClInclude>
    <ClInclude Include="InstructionValidator.h">
      <Filter>Source Files</Filter>
    </ClInclude>
    <ClInclude Include="IdentifierExpression.h">
      <Filter>Source Files</Filter>
    </ClInclude>
    <ClInclude Include="Generator.h">
      <Filter>Source Files</Filter>
    </ClInclude>
    <ClInclude Include="Function.h">
      <Filter>Source Files</Filter>
    </ClInclude>
    <ClInclude Include="FunctionCallExpression.h">
      <Filter>Source Files</Filter>
    </ClInclude>
    <ClInclude Include="Expression.h">
      <Filter>Source Files</Filter>
    </ClInclude>
    <ClInclude Include="Constants.h">
      <Filter>Source Files</Filter>
    </ClInclude>
    <ClInclude Include="Disassembler.h">
      <Filter>Source Files</Filter>
    </ClInclude>
    <ClInclude Include="BinaryExpression.h">
      <Filter>Source Files</Filter>
    </ClInclude>
    <ClInclude Include="Allocator.h">
      <Filter>Source Files</Filter>
    </ClInclude>
    <ClInclude Include="Allocation.h">
      <Filter>Source Files</Filter>
    </ClInclude>
    <ClInclude Include="Utility.h">
      <Filter>Source Files</Filter>
    </ClInclude>
    <ClInclude Include="ReturnStatement.h">
      <Filter>Source Files</Filter>
    </ClInclude>
    <ClInclude Include="CompoundStatement.h">
      <Filter>Source Files</Filter>
    </ClInclude>
    <ClInclude Include="VariableStatement.h">
      <Filter>Source Files</Filter>
    </ClInclude>
    <ClInclude Include="Linker.h">
      <Filter>Source Files</Filter>
    </ClInclude>
    <ClInclude Include="Linkable.h">
      <Filter>Source Files</Filter>
    </ClInclude>
    <ClInclude Include="InlineAsmStatement.h">
      <Filter>Source Files</Filter>
    </ClInclude>
    <ClInclude Include="Command.h">
      <Filter>Source Files</Filter>
    </ClInclude>
    <ClInclude Include="AssemblerParser.h">
      <Filter>Source Files</Filter>
    </ClInclude>
    <ClInclude Include="CompilerParser.h">
      <Filter>Source Files</Filter>
    </ClInclude>
    <ClInclude Include="LabelCommand.h">
      <Filter>Source Files</Filter>
    </ClInclude>
    <ClInclude Include="AssemblerLinker.h">
      <Filter>Source Files</Filter>
    </ClInclude>
    <ClInclude Include="CompilerLinker.h">
      <Filter>Source Files</Filter>
    </ClInclude>
    <ClInclude Include="DotOrgCommand.h">
      <Filter>Source Files</Filter>
    </ClInclude>
    <ClInclude Include="Declarator.h">
      <Filter>Source Files</Filter>
    </ClInclude>
    <ClInclude Include="InterpreterParser.h">
      <Filter>Source Files</Filter>
    </ClInclude>
    <ClInclude Include="Intrinsic.h">
      <Filter>Source Files</Filter>
    </ClInclude>
    <ClInclude Include="IntrinsicDeclarator.h">
      <Filter>Source Files</Filter>
    </ClInclude>
  </ItemGroup>
  <ItemGroup>
    <None Include="common.hz">
      <Filter>Resource Files</Filter>
    </None>
    <None Include="specification.md">
      <Filter>Resource Files</Filter>
    </None>
    <None Include="test.hzs">
      <Filter>Resource Files</Filter>
    </None>
    <None Include="old.hz">
      <Filter>Resource Files</Filter>
    </None>
    <None Include="optimizations.hzs.gen">
      <Filter>Resource Files</Filter>
    </None>
    <None Include="example.hzi">
      <Filter>Resource Files</Filter>
    </None>
  </ItemGroup>
</Project>