<?xml version="1.0" encoding="utf-8"?>
<Project ToolsVersion="4.0" xmlns="http://schemas.microsoft.com/developer/msbuild/2003">
  <ItemGroup>
    <None Include="README.md" />
    <None Include="chatgpt_cdecl_example.md" />
  </ItemGroup>
  <ItemGroup>
    <ClCompile Include="source\AdjustExpression.cpp" />
    <ClCompile Include="source\Allocation.cpp" />
    <ClCompile Include="source\Allocator.cpp" />
    <ClCompile Include="source\ArgumentExpression.cpp" />
    <ClCompile Include="source\AssemblerLinker.cpp" />
    <ClCompile Include="source\AssemblerParser.cpp" />
    <ClCompile Include="source\AssemblerToolchain.cpp" />
    <ClCompile Include="source\AutoErrorContext.cpp" />
    <ClCompile Include="source\AutoJob.cpp" />
    <ClCompile Include="source\AutoJSON.cpp" />
    <ClCompile Include="source\Bimap.cpp" />
    <ClCompile Include="source\BinaryExpression.cpp" />
    <ClCompile Include="source\BinaryUtilities.cpp" />
    <ClCompile Include="source\ColorIntrinsic.cpp" />
    <ClCompile Include="source\Command.cpp" />
    <ClCompile Include="source\CommandLineParser.cpp" />
    <ClCompile Include="source\CommonErrors.cpp" />
    <ClCompile Include="source\CommonToolchain.cpp" />
    <ClCompile Include="source\CompilerLinker.cpp" />
    <ClCompile Include="source\CompilerParser.cpp" />
    <ClCompile Include="source\CompilerToolchain.cpp" />
    <ClCompile Include="source\CompoundStatement.cpp" />
    <ClCompile Include="source\Context.cpp" />
    <ClCompile Include="source\DependencyInjector.cpp" />
    <ClCompile Include="source\Disassembler.cpp" />
    <ClCompile Include="source\DotDefineCommand.cpp" />
    <ClCompile Include="source\DotOrgCommand.cpp" />
    <ClCompile Include="source\Emitter.cpp" />
    <ClCompile Include="source\Error.cpp" />
    <ClCompile Include="source\ErrorContext.cpp" />
    <ClCompile Include="source\ErrorReporter.cpp" />
    <ClCompile Include="source\Evaluator.cpp" />
    <ClCompile Include="source\ExitProgramException.cpp" />
    <ClCompile Include="source\ExitStatement.cpp" />
    <ClCompile Include="source\Expression.cpp" />
    <ClCompile Include="source\ExpressionStatement.cpp" />
    <ClCompile Include="source\ExpressionUtility.cpp" />
    <ClCompile Include="source\ExtendedInteger.cpp" />
    <ClCompile Include="source\File.cpp" />
    <ClCompile Include="source\FileManager.cpp" />
    <ClCompile Include="source\ForStatement.cpp" />
    <ClCompile Include="source\Function.cpp" />
    <ClCompile Include="source\FunctionArgumentExpression.cpp" />
    <ClCompile Include="source\FunctionCallExpression.cpp" />
    <ClCompile Include="source\Generator.cpp" />
    <ClCompile Include="source\HazeBuilder.cpp" />
    <ClCompile Include="source\HazeEmitter.cpp" />
    <ClCompile Include="source\HazeEvaluator.cpp" />
    <ClCompile Include="source\HeapAllocator.cpp" />
    <ClCompile Include="source\IdentifierExpression.cpp" />
    <ClCompile Include="source\IfStatement.cpp" />
    <ClCompile Include="source\InlineAsmStatement.cpp" />
    <ClCompile Include="source\InstructionCommand.cpp" />
    <ClCompile Include="source\InstructionValidator.cpp" />
    <ClCompile Include="source\IntegerLiteral.cpp" />
    <ClCompile Include="source\IntegerLiteralExpression.cpp" />
    <ClCompile Include="source\IntermediateCommand.cpp" />
    <ClCompile Include="source\IntermediateOptimizer.cpp" />
    <ClCompile Include="source\Job.cpp" />
    <ClCompile Include="source\JobManager.cpp" />
    <ClCompile Include="source\JSON.cpp" />
    <ClCompile Include="source\LabelCommand.cpp" />
    <ClCompile Include="source\Lexer.cpp" />
    <ClCompile Include="source\Linkable.cpp" />
    <ClCompile Include="source\Linker.cpp" />
    <ClCompile Include="source\Log.cpp" />
    <ClCompile Include="source\Main.cpp" />
    <ClCompile Include="source\MemberDeclarationExpression.cpp" />
    <ClCompile Include="source\NullStatement.cpp" />
    <ClCompile Include="source\Parser.cpp" />
    <ClCompile Include="source\PEBuilder.cpp" />
    <ClCompile Include="source\Preprocessor.cpp" />
    <ClCompile Include="source\PrintStatement.cpp" />
    <ClCompile Include="source\Random.cpp" />
    <ClCompile Include="source\ReturnStatement.cpp" />
    <ClCompile Include="source\RuntimeAllocator.cpp" />
    <ClCompile Include="source\Scanner.cpp" />
    <ClCompile Include="source\Scope.cpp" />
    <ClCompile Include="source\Simulator.cpp" />
    <ClCompile Include="source\StackAllocator.cpp" />
    <ClCompile Include="source\Statement.cpp" />
    <ClCompile Include="source\StringExpression.cpp" />
    <ClCompile Include="source\StructDeclarationStatement.cpp" />
    <ClCompile Include="source\StructMember.cpp" />
    <ClCompile Include="source\Symbol.cpp" />
    <ClCompile Include="source\SymbolDatabase.cpp" />
    <ClCompile Include="source\SymbolExporter.cpp" />
    <ClCompile Include="source\Test.cpp" />
    <ClCompile Include="source\Toolchain.cpp" />
    <ClCompile Include="source\Tracking.cpp" />
    <ClCompile Include="source\Type.cpp" />
    <ClCompile Include="source\TypeCheck.cpp" />
    <ClCompile Include="source\UndoableRedoable.cpp" />
    <ClCompile Include="source\Validator.cpp" />
    <ClCompile Include="source\Variable.cpp" />
    <ClCompile Include="source\VariableStatement.cpp" />
    <ClCompile Include="source\WhileStatement.cpp" />
    <ClCompile Include="source\X86Builder.cpp" />
    <ClCompile Include="source\X86BuilderValidator.cpp" />
    <ClCompile Include="source\X86Emitter.cpp" />
    <ClCompile Include="source\X86Instruction.cpp" />
    <ClCompile Include="source\X86Linker.cpp" />
    <ClCompile Include="source\X86Operand.cpp" />
  </ItemGroup>
  <ItemGroup>
    <ClInclude Include="include\AdjustExpression.h" />
    <ClInclude Include="include\Allocation.h" />
    <ClInclude Include="include\AllocationType.h" />
    <ClInclude Include="include\Allocator.h" />
    <ClInclude Include="include\ArchitectureType.h" />
    <ClInclude Include="include\ArgumentExpression.h" />
    <ClInclude Include="include\AssemblerLinker.h" />
    <ClInclude Include="include\AssemblerParser.h" />
    <ClInclude Include="include\AssemblerToolchain.h" />
    <ClInclude Include="include\AutoErrorContext.h" />
    <ClInclude Include="include\AutoJob.h" />
    <ClInclude Include="include\AutoJSON.h" />
    <ClInclude Include="include\Bimap.h" />
    <ClInclude Include="include\BinaryCommandType.h" />
    <ClInclude Include="include\BinaryConstants.h" />
    <ClInclude Include="include\BinaryExpression.h" />
    <ClInclude Include="include\BinaryExpressionType.h" />
    <ClInclude Include="include\BinaryUtilities.h" />
    <ClInclude Include="include\BranchCommandType.h" />
    <ClInclude Include="include\ColorIntrinsic.h" />
    <ClInclude Include="include\Command.h" />
    <ClInclude Include="include\CommandLineOptions.h" />
    <ClInclude Include="include\CommandLineParser.h" />
    <ClInclude Include="include\CommandType.h" />
    <ClInclude Include="include\CommonErrors.h" />
    <ClInclude Include="include\CommonToolchain.h" />
    <ClInclude Include="include\CompilerLinker.h" />
    <ClInclude Include="include\CompilerParser.h" />
    <ClInclude Include="include\CompilerToolchain.h" />
    <ClInclude Include="include\CompoundStatement.h" />
    <ClInclude Include="include\Constants.h" />
    <ClInclude Include="include\Context.h" />
    <ClInclude Include="include\DependencyInjector.h" />
    <ClInclude Include="include\Disassembler.h" />
    <ClInclude Include="include\DotDefineCommand.h" />
    <ClInclude Include="include\DotOrgCommand.h" />
    <ClInclude Include="include\Emitter.h" />
    <ClInclude Include="include\EmitterType.h" />
    <ClInclude Include="include\Error.h" />
    <ClInclude Include="include\ErrorContext.h" />
    <ClInclude Include="include\ErrorReporter.h" />
    <ClInclude Include="include\ErrorType.h" />
    <ClInclude Include="include\Evaluator.h" />
    <ClInclude Include="include\ExecutionType.h" />
    <ClInclude Include="include\ExitProgramException.h" />
    <ClInclude Include="include\ExitStatement.h" />
    <ClInclude Include="include\Expression.h" />
    <ClInclude Include="include\ExpressionStatement.h" />
    <ClInclude Include="include\ExpressionType.h" />
    <ClInclude Include="include\ExpressionUtility.h" />
    <ClInclude Include="include\ExtendedInteger.h" />
    <ClInclude Include="include\File.h" />
    <ClInclude Include="include\FileManager.h" />
    <ClInclude Include="include\ForStatement.h" />
    <ClInclude Include="include\Function.h" />
    <ClInclude Include="include\FunctionArgumentExpression.h" />
    <ClInclude Include="include\FunctionCallExpression.h" />
    <ClInclude Include="include\Generator.h" />
    <ClInclude Include="include\HazeBuilder.h" />
    <ClInclude Include="include\HazeEmitter.h" />
    <ClInclude Include="include\HazeEvaluator.h" />
    <ClInclude Include="include\HeapAllocator.h" />
    <ClInclude Include="include\IdentifierExpression.h" />
    <ClInclude Include="include\IfStatement.h" />
    <ClInclude Include="include\InlineAsmStatement.h" />
    <ClInclude Include="include\InstructionCommand.h" />
    <ClInclude Include="include\InstructionEncoding.h" />
    <ClInclude Include="include\InstructionValidator.h" />
    <ClInclude Include="include\IntegerLiteral.h" />
    <ClInclude Include="include\IntegerLiteralExpression.h" />
    <ClInclude Include="include\IntegerLiteralType.h" />
    <ClInclude Include="include\IntermediateCommand.h" />
    <ClInclude Include="include\IntermediateOptimizer.h" />
    <ClInclude Include="include\IntermediateType.h" />
    <ClInclude Include="include\IntTypeType.h" />
    <ClInclude Include="include\Job.h" />
    <ClInclude Include="include\JobManager.h" />
    <ClInclude Include="include\JSON.h" />
    <ClInclude Include="include\LabelCommand.h" />
    <ClInclude Include="include\Lexer.h" />
    <ClInclude Include="include\Linkable.h" />
    <ClInclude Include="include\Linker.h" />
    <ClInclude Include="include\LinkerType.h" />
    <ClInclude Include="include\Log.h" />
    <ClInclude Include="include\MemberDeclarationExpression.h" />
    <ClInclude Include="include\Node.h" />
    <ClInclude Include="include\NodeType.h" />
    <ClInclude Include="include\NullStatement.h" />
    <ClInclude Include="include\OptimizationType.h" />
    <ClInclude Include="include\OptionType.h" />
    <ClInclude Include="include\Parser.h" />
    <ClInclude Include="include\ParserType.h" />
    <ClInclude Include="include\PEBuilder.h" />
    <ClInclude Include="include\PlatformVariables.h" />
    <ClInclude Include="include\Preprocessor.h" />
    <ClInclude Include="include\PrintStatement.h" />
    <ClInclude Include="include\Random.h" />
    <ClInclude Include="include\ReturnStatement.h" />
    <ClInclude Include="include\RuntimeAllocator.h" />
    <ClInclude Include="include\Scanner.h" />
    <ClInclude Include="include\Scope.h" />
    <ClInclude Include="include\Simulator.h" />
    <ClInclude Include="include\StackAllocator.h" />
    <ClInclude Include="include\Statement.h" />
    <ClInclude Include="include\StatementType.h" />
    <ClInclude Include="include\StringExpression.h" />
    <ClInclude Include="include\StructDeclarationStatement.h" />
    <ClInclude Include="include\StructMember.h" />
    <ClInclude Include="include\Symbol.h" />
    <ClInclude Include="include\SymbolDatabase.h" />
    <ClInclude Include="include\SymbolExporter.h" />
    <ClInclude Include="include\SymbolType.h" />
    <ClInclude Include="include\Test.h" />
    <ClInclude Include="include\Token.h" />
    <ClInclude Include="include\Toolchain.h" />
    <ClInclude Include="include\ToolchainType.h" />
    <ClInclude Include="include\Tracking.h" />
    <ClInclude Include="include\Type.h" />
    <ClInclude Include="include\TypeCheck.h" />
    <ClInclude Include="include\TypeQualifier.h" />
    <ClInclude Include="include\TypeSignedness.h" />
    <ClInclude Include="include\TypeSpecifier.h" />
    <ClInclude Include="include\TypeStorage.h" />
    <ClInclude Include="include\TypeType.h" />
    <ClInclude Include="include\UndoableRedoable.h" />
    <ClInclude Include="include\Validator.h" />
    <ClInclude Include="include\Variable.h" />
    <ClInclude Include="include\VariableStatement.h" />
    <ClInclude Include="include\VariableType.h" />
    <ClInclude Include="include\VerbosityType.h" />
    <ClInclude Include="include\WhileStatement.h" />
    <ClInclude Include="include\X86Builder.h" />
    <ClInclude Include="include\X86BuilderValidator.h" />
    <ClInclude Include="include\X86Emitter.h" />
    <ClInclude Include="include\X86Instruction.h" />
    <ClInclude Include="include\X86InstructionType.h" />
    <ClInclude Include="include\X86JccInstructionType.h" />
    <ClInclude Include="include\X86Linker.h" />
    <ClInclude Include="include\X86Operand.h" />
    <ClInclude Include="include\X86OperandType.h" />
    <ClInclude Include="include\X86Register.h" />
    <ClInclude Include="include\X86SetccInstructionType.h" />
  </ItemGroup>
</Project>