<?xml version="1.0" encoding="utf-8"?>
<Project ToolsVersion="4.0" xmlns="http://schemas.microsoft.com/developer/msbuild/2003">
  <ItemGroup>
    <Filter Include="Archivos de origen">
      <UniqueIdentifier>{4FC737F1-C7A5-4376-A066-2A32D752A2FF}</UniqueIdentifier>
      <Extensions>cpp;c;cc;cxx;c++;cppm;ixx;def;odl;idl;hpj;bat;asm;asmx</Extensions>
    </Filter>
    <Filter Include="Archivos de encabezado">
      <UniqueIdentifier>{93995380-89BD-4b04-88EB-625FBE52EBFB}</UniqueIdentifier>
      <Extensions>h;hh;hpp;hxx;h++;hm;inl;inc;ipp;xsd</Extensions>
    </Filter>
    <Filter Include="Archivos de recursos">
      <UniqueIdentifier>{67DA6AB6-F800-4c08-8B7A-83BB121AAD01}</UniqueIdentifier>
      <Extensions>rc;ico;cur;bmp;dlg;rc2;rct;bin;rgs;gif;jpg;jpeg;jpe;resx;tiff;tif;png;wav;mfcribbon-ms</Extensions>
    </Filter>
  </ItemGroup>
  <ItemGroup>
    <ClCompile Include="source\AdjustExpression.cpp">
      <Filter>Archivos de origen</Filter>
    </ClCompile>
    <ClCompile Include="source\Allocation.cpp">
      <Filter>Archivos de origen</Filter>
    </ClCompile>
    <ClCompile Include="source\ArgumentExpression.cpp">
      <Filter>Archivos de origen</Filter>
    </ClCompile>
    <ClCompile Include="source\AssemblerLinker.cpp">
      <Filter>Archivos de origen</Filter>
    </ClCompile>
    <ClCompile Include="source\AssemblerParser.cpp">
      <Filter>Archivos de origen</Filter>
    </ClCompile>
    <ClCompile Include="source\AssemblerToolchain.cpp">
      <Filter>Archivos de origen</Filter>
    </ClCompile>
    <ClCompile Include="source\AutoErrorContext.cpp">
      <Filter>Archivos de origen</Filter>
    </ClCompile>
    <ClCompile Include="source\AutoJob.cpp">
      <Filter>Archivos de origen</Filter>
    </ClCompile>
    <ClCompile Include="source\AutoJSON.cpp">
      <Filter>Archivos de origen</Filter>
    </ClCompile>
    <ClCompile Include="source\Bimap.cpp">
      <Filter>Archivos de origen</Filter>
    </ClCompile>
    <ClCompile Include="source\BinaryExpression.cpp">
      <Filter>Archivos de origen</Filter>
    </ClCompile>
    <ClCompile Include="source\BinaryUtilities.cpp">
      <Filter>Archivos de origen</Filter>
    </ClCompile>
    <ClCompile Include="source\Command.cpp">
      <Filter>Archivos de origen</Filter>
    </ClCompile>
    <ClCompile Include="source\CommandLineParser.cpp">
      <Filter>Archivos de origen</Filter>
    </ClCompile>
    <ClCompile Include="source\CommonErrors.cpp">
      <Filter>Archivos de origen</Filter>
    </ClCompile>
    <ClCompile Include="source\CommonToolchain.cpp">
      <Filter>Archivos de origen</Filter>
    </ClCompile>
    <ClCompile Include="source\CompilerLinker.cpp">
      <Filter>Archivos de origen</Filter>
    </ClCompile>
    <ClCompile Include="source\CompilerParser.cpp">
      <Filter>Archivos de origen</Filter>
    </ClCompile>
    <ClCompile Include="source\CompilerToolchain.cpp">
      <Filter>Archivos de origen</Filter>
    </ClCompile>
    <ClCompile Include="source\CompoundStatement.cpp">
      <Filter>Archivos de origen</Filter>
    </ClCompile>
    <ClCompile Include="source\Context.cpp">
      <Filter>Archivos de origen</Filter>
    </ClCompile>
    <ClCompile Include="source\Daemon.cpp">
      <Filter>Archivos de origen</Filter>
    </ClCompile>
    <ClCompile Include="source\Debugger.cpp">
      <Filter>Archivos de origen</Filter>
    </ClCompile>
    <ClCompile Include="source\DependencyInjector.cpp">
      <Filter>Archivos de origen</Filter>
    </ClCompile>
    <ClCompile Include="source\Disassembler.cpp">
      <Filter>Archivos de origen</Filter>
    </ClCompile>
    <ClCompile Include="source\DotDefineCommand.cpp">
      <Filter>Archivos de origen</Filter>
    </ClCompile>
    <ClCompile Include="source\DotOrgCommand.cpp">
      <Filter>Archivos de origen</Filter>
    </ClCompile>
    <ClCompile Include="source\Emitter.cpp">
      <Filter>Archivos de origen</Filter>
    </ClCompile>
    <ClCompile Include="source\Error.cpp">
      <Filter>Archivos de origen</Filter>
    </ClCompile>
    <ClCompile Include="source\ErrorContext.cpp">
      <Filter>Archivos de origen</Filter>
    </ClCompile>
    <ClCompile Include="source\ErrorReporter.cpp">
      <Filter>Archivos de origen</Filter>
    </ClCompile>
    <ClCompile Include="source\Evaluator.cpp">
      <Filter>Archivos de origen</Filter>
    </ClCompile>
    <ClCompile Include="source\ExitProgramException.cpp">
      <Filter>Archivos de origen</Filter>
    </ClCompile>
    <ClCompile Include="source\ExitStatement.cpp">
      <Filter>Archivos de origen</Filter>
    </ClCompile>
    <ClCompile Include="source\Expression.cpp">
      <Filter>Archivos de origen</Filter>
    </ClCompile>
    <ClCompile Include="source\ExpressionStatement.cpp">
      <Filter>Archivos de origen</Filter>
    </ClCompile>
    <ClCompile Include="source\ExtendedInteger.cpp">
      <Filter>Archivos de origen</Filter>
    </ClCompile>
    <ClCompile Include="source\File.cpp">
      <Filter>Archivos de origen</Filter>
    </ClCompile>
    <ClCompile Include="source\FileManager.cpp">
      <Filter>Archivos de origen</Filter>
    </ClCompile>
    <ClCompile Include="source\ForStatement.cpp">
      <Filter>Archivos de origen</Filter>
    </ClCompile>
    <ClCompile Include="source\Function.cpp">
      <Filter>Archivos de origen</Filter>
    </ClCompile>
    <ClCompile Include="source\FunctionArgumentExpression.cpp">
      <Filter>Archivos de origen</Filter>
    </ClCompile>
    <ClCompile Include="source\FunctionCallExpression.cpp">
      <Filter>Archivos de origen</Filter>
    </ClCompile>
    <ClCompile Include="source\Generator.cpp">
      <Filter>Archivos de origen</Filter>
    </ClCompile>
    <ClCompile Include="source\HeapAllocator.cpp">
      <Filter>Archivos de origen</Filter>
    </ClCompile>
    <ClCompile Include="source\IdentifierExpression.cpp">
      <Filter>Archivos de origen</Filter>
    </ClCompile>
    <ClCompile Include="source\IfStatement.cpp">
      <Filter>Archivos de origen</Filter>
    </ClCompile>
    <ClCompile Include="source\InlineAsmStatement.cpp">
      <Filter>Archivos de origen</Filter>
    </ClCompile>
    <ClCompile Include="source\InstructionCommand.cpp">
      <Filter>Archivos de origen</Filter>
    </ClCompile>
    <ClCompile Include="source\InstructionValidator.cpp">
      <Filter>Archivos de origen</Filter>
    </ClCompile>
    <ClCompile Include="source\IntegerLiteral.cpp">
      <Filter>Archivos de origen</Filter>
    </ClCompile>
    <ClCompile Include="source\IntegerLiteralExpression.cpp">
      <Filter>Archivos de origen</Filter>
    </ClCompile>
    <ClCompile Include="source\IntermediateCommand.cpp">
      <Filter>Archivos de origen</Filter>
    </ClCompile>
    <ClCompile Include="source\Job.cpp">
      <Filter>Archivos de origen</Filter>
    </ClCompile>
    <ClCompile Include="source\JobManager.cpp">
      <Filter>Archivos de origen</Filter>
    </ClCompile>
    <ClCompile Include="source\JSON.cpp">
      <Filter>Archivos de origen</Filter>
    </ClCompile>
    <ClCompile Include="source\LabelCommand.cpp">
      <Filter>Archivos de origen</Filter>
    </ClCompile>
    <ClCompile Include="source\Lexer.cpp">
      <Filter>Archivos de origen</Filter>
    </ClCompile>
    <ClCompile Include="source\Linkable.cpp">
      <Filter>Archivos de origen</Filter>
    </ClCompile>
    <ClCompile Include="source\Linker.cpp">
      <Filter>Archivos de origen</Filter>
    </ClCompile>
    <ClCompile Include="source\Log.cpp">
      <Filter>Archivos de origen</Filter>
    </ClCompile>
    <ClCompile Include="source\Main.cpp">
      <Filter>Archivos de origen</Filter>
    </ClCompile>
    <ClCompile Include="source\MemberDeclarationExpression.cpp">
      <Filter>Archivos de origen</Filter>
    </ClCompile>
    <ClCompile Include="source\NullStatement.cpp">
      <Filter>Archivos de origen</Filter>
    </ClCompile>
    <ClCompile Include="source\Parser.cpp">
      <Filter>Archivos de origen</Filter>
    </ClCompile>
    <ClCompile Include="source\PEBuilder.cpp">
      <Filter>Archivos de origen</Filter>
    </ClCompile>
    <ClCompile Include="source\Preprocessor.cpp">
      <Filter>Archivos de origen</Filter>
    </ClCompile>
    <ClCompile Include="source\PrintStatement.cpp">
      <Filter>Archivos de origen</Filter>
    </ClCompile>
    <ClCompile Include="source\Random.cpp">
      <Filter>Archivos de origen</Filter>
    </ClCompile>
    <ClCompile Include="source\ReturnStatement.cpp">
      <Filter>Archivos de origen</Filter>
    </ClCompile>
    <ClCompile Include="source\RuntimeAllocator.cpp">
      <Filter>Archivos de origen</Filter>
    </ClCompile>
    <ClCompile Include="source\Scanner.cpp">
      <Filter>Archivos de origen</Filter>
    </ClCompile>
    <ClCompile Include="source\StackAllocator.cpp">
      <Filter>Archivos de origen</Filter>
    </ClCompile>
    <ClCompile Include="source\Statement.cpp">
      <Filter>Archivos de origen</Filter>
    </ClCompile>
    <ClCompile Include="source\StringExpression.cpp">
      <Filter>Archivos de origen</Filter>
    </ClCompile>
    <ClCompile Include="source\StructDeclarationStatement.cpp">
      <Filter>Archivos de origen</Filter>
    </ClCompile>
    <ClCompile Include="source\StructMember.cpp">
      <Filter>Archivos de origen</Filter>
    </ClCompile>
    <ClCompile Include="source\Symbol.cpp">
      <Filter>Archivos de origen</Filter>
    </ClCompile>
    <ClCompile Include="source\SymbolDatabase.cpp">
      <Filter>Archivos de origen</Filter>
    </ClCompile>
    <ClCompile Include="source\SymbolExporter.cpp">
      <Filter>Archivos de origen</Filter>
    </ClCompile>
    <ClCompile Include="source\Test.cpp">
      <Filter>Archivos de origen</Filter>
    </ClCompile>
    <ClCompile Include="source\Toolchain.cpp">
      <Filter>Archivos de origen</Filter>
    </ClCompile>
    <ClCompile Include="source\Tracking.cpp">
      <Filter>Archivos de origen</Filter>
    </ClCompile>
    <ClCompile Include="source\Type.cpp">
      <Filter>Archivos de origen</Filter>
    </ClCompile>
    <ClCompile Include="source\TypeCheck.cpp">
      <Filter>Archivos de origen</Filter>
    </ClCompile>
    <ClCompile Include="source\UndoableRedoable.cpp">
      <Filter>Archivos de origen</Filter>
    </ClCompile>
    <ClCompile Include="source\Validator.cpp">
      <Filter>Archivos de origen</Filter>
    </ClCompile>
    <ClCompile Include="source\Variable.cpp">
      <Filter>Archivos de origen</Filter>
    </ClCompile>
    <ClCompile Include="source\VariableStatement.cpp">
      <Filter>Archivos de origen</Filter>
    </ClCompile>
    <ClCompile Include="source\WebSocketClient.cpp">
      <Filter>Archivos de origen</Filter>
    </ClCompile>
    <ClCompile Include="source\WebSocketServer.cpp">
      <Filter>Archivos de origen</Filter>
    </ClCompile>
    <ClCompile Include="source\WhileStatement.cpp">
      <Filter>Archivos de origen</Filter>
    </ClCompile>
    <ClCompile Include="source\X86Builder.cpp">
      <Filter>Archivos de origen</Filter>
    </ClCompile>
    <ClCompile Include="source\X86BuilderValidator.cpp">
      <Filter>Archivos de origen</Filter>
    </ClCompile>
    <ClCompile Include="source\X86Emitter.cpp">
      <Filter>Archivos de origen</Filter>
    </ClCompile>
    <ClCompile Include="source\X86Instruction.cpp">
      <Filter>Archivos de origen</Filter>
    </ClCompile>
    <ClCompile Include="source\X86Linker.cpp">
      <Filter>Archivos de origen</Filter>
    </ClCompile>
    <ClCompile Include="source\X86Operand.cpp">
      <Filter>Archivos de origen</Filter>
    </ClCompile>
  </ItemGroup>
</Project>