<?xml version="1.0" encoding="utf-8"?>
<Project ToolsVersion="4.0" xmlns="http://schemas.microsoft.com/developer/msbuild/2003">
  <ItemGroup>
    <Filter Include="Archivos de recursos">
      <UniqueIdentifier>{67DA6AB6-F800-4c08-8B7A-83BB121AAD01}</UniqueIdentifier>
      <Extensions>rc;ico;cur;bmp;dlg;rc2;rct;bin;rgs;gif;jpg;jpeg;jpe;resx;tiff;tif;png;wav;mfcribbon-ms</Extensions>
    </Filter>
    <Filter Include="Source Files">
      <UniqueIdentifier>{4FC737F1-C7A5-4376-A066-2A32D752A2FF}</UniqueIdentifier>
      <Extensions>cpp;c;cc;cxx;c++;cppm;ixx;def;odl;idl;hpj;bat;asm;asmx</Extensions>
    </Filter>
    <Filter Include="Header Files">
      <UniqueIdentifier>{93995380-89BD-4b04-88EB-625FBE52EBFB}</UniqueIdentifier>
      <Extensions>h;hh;hpp;hxx;h++;hm;inl;inc;ipp;xsd</Extensions>
    </Filter>
  </ItemGroup>
  <ItemGroup>
    <ClCompile Include="source\AdjustExpression.cpp">
      <Filter>Source Files</Filter>
    </ClCompile>
    <ClCompile Include="source\ArgumentExpression.cpp">
      <Filter>Source Files</Filter>
    </ClCompile>
    <ClCompile Include="source\AssemblerParser.cpp">
      <Filter>Source Files</Filter>
    </ClCompile>
    <ClCompile Include="source\AssemblerToolchain.cpp">
      <Filter>Source Files</Filter>
    </ClCompile>
    <ClCompile Include="source\AutoErrorContext.cpp">
      <Filter>Source Files</Filter>
    </ClCompile>
    <ClCompile Include="source\AutoJob.cpp">
      <Filter>Source Files</Filter>
    </ClCompile>
    <ClCompile Include="source\AutoJSON.cpp">
      <Filter>Source Files</Filter>
    </ClCompile>
    <ClCompile Include="source\Bimap.cpp">
      <Filter>Source Files</Filter>
    </ClCompile>
    <ClCompile Include="source\CommandLineParser.cpp">
      <Filter>Source Files</Filter>
    </ClCompile>
    <ClCompile Include="source\CommonErrors.cpp">
      <Filter>Source Files</Filter>
    </ClCompile>
    <ClCompile Include="source\CompilerParser.cpp">
      <Filter>Source Files</Filter>
    </ClCompile>
    <ClCompile Include="source\CompilerToolchain.cpp">
      <Filter>Source Files</Filter>
    </ClCompile>
    <ClCompile Include="source\CompoundStatement.cpp">
      <Filter>Source Files</Filter>
    </ClCompile>
    <ClCompile Include="source\Context.cpp">
      <Filter>Source Files</Filter>
    </ClCompile>
    <ClCompile Include="source\Daemon.cpp">
      <Filter>Source Files</Filter>
    </ClCompile>
    <ClCompile Include="source\DotDefineCommand.cpp">
      <Filter>Source Files</Filter>
    </ClCompile>
    <ClCompile Include="source\DotOrgCommand.cpp">
      <Filter>Source Files</Filter>
    </ClCompile>
    <ClCompile Include="source\Error.cpp">
      <Filter>Source Files</Filter>
    </ClCompile>
    <ClCompile Include="source\ErrorContext.cpp">
      <Filter>Source Files</Filter>
    </ClCompile>
    <ClCompile Include="source\ErrorReporter.cpp">
      <Filter>Source Files</Filter>
    </ClCompile>
    <ClCompile Include="source\ExitProgramException.cpp">
      <Filter>Source Files</Filter>
    </ClCompile>
    <ClCompile Include="source\ExitStatement.cpp">
      <Filter>Source Files</Filter>
    </ClCompile>
    <ClCompile Include="source\Expression.cpp">
      <Filter>Source Files</Filter>
    </ClCompile>
    <ClCompile Include="source\ExtendedInteger.cpp">
      <Filter>Source Files</Filter>
    </ClCompile>
    <ClCompile Include="source\File.cpp">
      <Filter>Source Files</Filter>
    </ClCompile>
    <ClCompile Include="source\FileManager.cpp">
      <Filter>Source Files</Filter>
    </ClCompile>
    <ClCompile Include="source\Function.cpp">
      <Filter>Source Files</Filter>
    </ClCompile>
    <ClCompile Include="source\FunctionArgumentExpression.cpp">
      <Filter>Source Files</Filter>
    </ClCompile>
    <ClCompile Include="source\FunctionCallExpression.cpp">
      <Filter>Source Files</Filter>
    </ClCompile>
    <ClCompile Include="source\Generator.cpp">
      <Filter>Source Files</Filter>
    </ClCompile>
    <ClCompile Include="source\IdentifierExpression.cpp">
      <Filter>Source Files</Filter>
    </ClCompile>
    <ClCompile Include="source\IfStatement.cpp">
      <Filter>Source Files</Filter>
    </ClCompile>
    <ClCompile Include="source\InlineAsmStatement.cpp">
      <Filter>Source Files</Filter>
    </ClCompile>
    <ClCompile Include="source\InstructionCommand.cpp">
      <Filter>Source Files</Filter>
    </ClCompile>
    <ClCompile Include="source\IntegerLiteralExpression.cpp">
      <Filter>Source Files</Filter>
    </ClCompile>
    <ClCompile Include="source\IntermediateCommand.cpp">
      <Filter>Source Files</Filter>
    </ClCompile>
    <ClCompile Include="source\Job.cpp">
      <Filter>Source Files</Filter>
    </ClCompile>
    <ClCompile Include="source\JobManager.cpp">
      <Filter>Source Files</Filter>
    </ClCompile>
    <ClCompile Include="source\JSON.cpp">
      <Filter>Source Files</Filter>
    </ClCompile>
    <ClCompile Include="source\LabelCommand.cpp">
      <Filter>Source Files</Filter>
    </ClCompile>
    <ClCompile Include="source\Lexer.cpp">
      <Filter>Source Files</Filter>
    </ClCompile>
    <ClCompile Include="source\Linkable.cpp">
      <Filter>Source Files</Filter>
    </ClCompile>
    <ClCompile Include="source\Linker.cpp">
      <Filter>Source Files</Filter>
    </ClCompile>
    <ClCompile Include="source\Log.cpp">
      <Filter>Source Files</Filter>
    </ClCompile>
    <ClCompile Include="source\Main.cpp">
      <Filter>Source Files</Filter>
    </ClCompile>
    <ClCompile Include="source\MemberDeclarationExpression.cpp">
      <Filter>Source Files</Filter>
    </ClCompile>
    <ClCompile Include="source\Parser.cpp">
      <Filter>Source Files</Filter>
    </ClCompile>
    <ClCompile Include="source\PEBuilder.cpp">
      <Filter>Source Files</Filter>
    </ClCompile>
    <ClCompile Include="source\Preprocessor.cpp">
      <Filter>Source Files</Filter>
    </ClCompile>
    <ClCompile Include="source\PrintStatement.cpp">
      <Filter>Source Files</Filter>
    </ClCompile>
    <ClCompile Include="source\Random.cpp">
      <Filter>Source Files</Filter>
    </ClCompile>
    <ClCompile Include="source\ReturnStatement.cpp">
      <Filter>Source Files</Filter>
    </ClCompile>
    <ClCompile Include="source\RuntimeAllocator.cpp">
      <Filter>Source Files</Filter>
    </ClCompile>
    <ClCompile Include="source\Scanner.cpp">
      <Filter>Source Files</Filter>
    </ClCompile>
    <ClCompile Include="source\Statement.cpp">
      <Filter>Source Files</Filter>
    </ClCompile>
    <ClCompile Include="source\StringExpression.cpp">
      <Filter>Source Files</Filter>
    </ClCompile>
    <ClCompile Include="source\StructDeclarationStatement.cpp">
      <Filter>Source Files</Filter>
    </ClCompile>
    <ClCompile Include="source\SymbolDatabase.cpp">
      <Filter>Source Files</Filter>
    </ClCompile>
    <ClCompile Include="source\SymbolExporter.cpp">
      <Filter>Source Files</Filter>
    </ClCompile>
    <ClCompile Include="source\Toolchain.cpp">
      <Filter>Source Files</Filter>
    </ClCompile>
    <ClCompile Include="source\Tracking.cpp">
      <Filter>Source Files</Filter>
    </ClCompile>
    <ClCompile Include="source\Type.cpp">
      <Filter>Source Files</Filter>
    </ClCompile>
    <ClCompile Include="source\UndoableRedoable.cpp">
      <Filter>Source Files</Filter>
    </ClCompile>
    <ClCompile Include="source\VariableStatement.cpp">
      <Filter>Source Files</Filter>
    </ClCompile>
    <ClCompile Include="source\WebSocketClient.cpp">
      <Filter>Source Files</Filter>
    </ClCompile>
    <ClCompile Include="source\WebSocketServer.cpp">
      <Filter>Source Files</Filter>
    </ClCompile>
    <ClCompile Include="source\WhileStatement.cpp">
      <Filter>Source Files</Filter>
    </ClCompile>
    <ClCompile Include="source\X86Builder.cpp">
      <Filter>Source Files</Filter>
    </ClCompile>
    <ClCompile Include="source\X86Instruction.cpp">
      <Filter>Source Files</Filter>
    </ClCompile>
    <ClCompile Include="source\RISCVAssemblerParser.cpp">
      <Filter>Source Files</Filter>
    </ClCompile>
    <ClCompile Include="source\BMBuilder.cpp">
      <Filter>Source Files</Filter>
    </ClCompile>
    <ClCompile Include="template\Skeleton.cpp">
      <Filter>Source Files</Filter>
    </ClCompile>
    <ClCompile Include="source\TypeFormatter.cpp">
      <Filter>Source Files</Filter>
    </ClCompile>
  </ItemGroup>
  <ItemGroup>
    <ClInclude Include="include\utility\Random.h">
      <Filter>Header Files</Filter>
    </ClInclude>
    <ClInclude Include="include\utility\AutoJSON.h">
      <Filter>Header Files</Filter>
    </ClInclude>
    <ClInclude Include="include\utility\Bimap.h">
      <Filter>Header Files</Filter>
    </ClInclude>
    <ClInclude Include="include\utility\BinaryConstants.h">
      <Filter>Header Files</Filter>
    </ClInclude>
    <ClInclude Include="include\utility\BinaryUtilities.h">
      <Filter>Header Files</Filter>
    </ClInclude>
    <ClInclude Include="include\utility\Constants.h">
      <Filter>Header Files</Filter>
    </ClInclude>
    <ClInclude Include="include\utility\ExitProgramException.h">
      <Filter>Header Files</Filter>
    </ClInclude>
    <ClInclude Include="include\utility\ExtendedInteger.h">
      <Filter>Header Files</Filter>
    </ClInclude>
    <ClInclude Include="include\utility\JSON.h">
      <Filter>Header Files</Filter>
    </ClInclude>
    <ClInclude Include="include\type\IntTypeType.h">
      <Filter>Header Files</Filter>
    </ClInclude>
    <ClInclude Include="include\type\Type.h">
      <Filter>Header Files</Filter>
    </ClInclude>
    <ClInclude Include="include\type\TypeCheck.h">
      <Filter>Header Files</Filter>
    </ClInclude>
    <ClInclude Include="include\type\defs\TypeQualifier.h">
      <Filter>Header Files</Filter>
    </ClInclude>
    <ClInclude Include="include\type\defs\TypeSignedness.h">
      <Filter>Header Files</Filter>
    </ClInclude>
    <ClInclude Include="include\type\TypeStorage.h">
      <Filter>Header Files</Filter>
    </ClInclude>
    <ClInclude Include="include\type\TypeType.h">
      <Filter>Header Files</Filter>
    </ClInclude>
    <ClInclude Include="include\toolchain\AssemblerToolchain.h">
      <Filter>Header Files</Filter>
    </ClInclude>
    <ClInclude Include="include\toolchain\CommonToolchain.h">
      <Filter>Header Files</Filter>
    </ClInclude>
    <ClInclude Include="include\toolchain\CompilerParser.h">
      <Filter>Header Files</Filter>
    </ClInclude>
    <ClInclude Include="include\toolchain\CompilerToolchain.h">
      <Filter>Header Files</Filter>
    </ClInclude>
    <ClInclude Include="include\toolchain\Generator.h">
      <Filter>Header Files</Filter>
    </ClInclude>
    <ClInclude Include="include\toolchain\Lexer.h">
      <Filter>Header Files</Filter>
    </ClInclude>
    <ClInclude Include="include\toolchain\models\Linkable.h">
      <Filter>Header Files</Filter>
    </ClInclude>
    <ClInclude Include="include\toolchain\Linker.h">
      <Filter>Header Files</Filter>
    </ClInclude>
    <ClInclude Include="include\toolchain\Parser.h">
      <Filter>Header Files</Filter>
    </ClInclude>
    <ClInclude Include="include\toolchain\Preprocessor.h">
      <Filter>Header Files</Filter>
    </ClInclude>
    <ClInclude Include="include\toolchain\Scanner.h">
      <Filter>Header Files</Filter>
    </ClInclude>
    <ClInclude Include="include\toolchain\Toolchain.h">
      <Filter>Header Files</Filter>
    </ClInclude>
    <ClInclude Include="include\toolchain\defs\ToolchainKind.h">
      <Filter>Header Files</Filter>
    </ClInclude>
    <ClInclude Include="include\toolchain\models\Token.h">
      <Filter>Header Files</Filter>
    </ClInclude>
    <ClInclude Include="include\symbol\Symbol.h">
      <Filter>Header Files</Filter>
    </ClInclude>
    <ClInclude Include="include\symbol\SymbolDatabase.h">
      <Filter>Header Files</Filter>
    </ClInclude>
    <ClInclude Include="include\symbol\SymbolExporter.h">
      <Filter>Header Files</Filter>
    </ClInclude>
    <ClInclude Include="include\symbol\defs\SymbolKind.h">
      <Filter>Header Files</Filter>
    </ClInclude>
    <ClInclude Include="include\statistic\models\Statistic.h">
      <Filter>Header Files</Filter>
    </ClInclude>
    <ClInclude Include="include\statistic\StatisticExporter.h">
      <Filter>Header Files</Filter>
    </ClInclude>
    <ClInclude Include="include\runtime\Context.h">
      <Filter>Header Files</Filter>
    </ClInclude>
    <ClInclude Include="include\job\AutoJob.h">
      <Filter>Header Files</Filter>
    </ClInclude>
    <ClInclude Include="include\job\Job.h">
      <Filter>Header Files</Filter>
    </ClInclude>
    <ClInclude Include="include\job\JobManager.h">
      <Filter>Header Files</Filter>
    </ClInclude>
    <ClInclude Include="include\io\models\File.h">
      <Filter>Header Files</Filter>
    </ClInclude>
    <ClInclude Include="include\io\FileManager.h">
      <Filter>Header Files</Filter>
    </ClInclude>
    <ClInclude Include="include\io\Log.h">
      <Filter>Header Files</Filter>
    </ClInclude>
    <ClInclude Include="include\io\WebSocketClient.h">
      <Filter>Header Files</Filter>
    </ClInclude>
    <ClInclude Include="include\io\WebSocketServer.h">
      <Filter>Header Files</Filter>
    </ClInclude>
    <ClInclude Include="include\error\AutoErrorContext.h">
      <Filter>Header Files</Filter>
    </ClInclude>
    <ClInclude Include="include\error\CommonErrors.h">
      <Filter>Header Files</Filter>
    </ClInclude>
    <ClInclude Include="include\error\models\Error.h">
      <Filter>Header Files</Filter>
    </ClInclude>
    <ClInclude Include="include\error\ErrorContext.h">
      <Filter>Header Files</Filter>
    </ClInclude>
    <ClInclude Include="include\error\ErrorReporter.h">
      <Filter>Header Files</Filter>
    </ClInclude>
    <ClInclude Include="include\error\defs\ErrorKind.h">
      <Filter>Header Files</Filter>
    </ClInclude>
    <ClInclude Include="include\data\UndoableRedoable.h">
      <Filter>Header Files</Filter>
    </ClInclude>
    <ClInclude Include="include\data\DependencyInjector.h">
      <Filter>Header Files</Filter>
    </ClInclude>
    <ClInclude Include="include\data\Tracking.h">
      <Filter>Header Files</Filter>
    </ClInclude>
    <ClInclude Include="include\daemon\Debugger.h">
      <Filter>Header Files</Filter>
    </ClInclude>
    <ClInclude Include="include\daemon\Daemon.h">
      <Filter>Header Files</Filter>
    </ClInclude>
    <ClInclude Include="include\command\models\IntegerLiteral.h">
      <Filter>Header Files</Filter>
    </ClInclude>
    <ClInclude Include="include\command\models\IntegerLiteralType.h">
      <Filter>Header Files</Filter>
    </ClInclude>
    <ClInclude Include="include\command\Command.h">
      <Filter>Header Files</Filter>
    </ClInclude>
    <ClInclude Include="include\command\defs\CommandKind.h">
      <Filter>Header Files</Filter>
    </ClInclude>
    <ClInclude Include="include\ir\IntermediateCommand.h">
      <Filter>Header Files</Filter>
    </ClInclude>
    <ClInclude Include="include\ir\defs\IntermediateKind.h">
      <Filter>Header Files</Filter>
    </ClInclude>
    <ClInclude Include="include\cli\defs\VerbosityKind.h">
      <Filter>Header Files</Filter>
    </ClInclude>
    <ClInclude Include="include\cli\defs\ArchitectureKind.h">
      <Filter>Header Files</Filter>
    </ClInclude>
    <ClInclude Include="include\cli\CommandLineOptions.h">
      <Filter>Header Files</Filter>
    </ClInclude>
    <ClInclude Include="include\cli\CommandLineParser.h">
      <Filter>Header Files</Filter>
    </ClInclude>
    <ClInclude Include="include\cli\defs\OptionKind.h">
      <Filter>Header Files</Filter>
    </ClInclude>
    <ClInclude Include="include\builder\PEBuilder.h">
      <Filter>Header Files</Filter>
    </ClInclude>
    <ClInclude Include="include\ast\expression\Expression.h">
      <Filter>Header Files</Filter>
    </ClInclude>
    <ClInclude Include="include\ast\statement\Statement.h">
      <Filter>Header Files</Filter>
    </ClInclude>
    <ClInclude Include="include\allocator\Allocator.h">
      <Filter>Header Files</Filter>
    </ClInclude>
    <ClInclude Include="include\riscv\RISCVInstruction.h">
      <Filter>Header Files</Filter>
    </ClInclude>
    <ClInclude Include="include\riscv\defs\RISCVRegister.h">
      <Filter>Header Files</Filter>
    </ClInclude>
    <ClInclude Include="include\toolchain\RISCVAssemblerParser.h">
      <Filter>Source Files</Filter>
    </ClInclude>
    <ClInclude Include="include\x86\X86Instruction.h">
      <Filter>Header Files</Filter>
    </ClInclude>
    <ClInclude Include="include\x86\X86Operand.h">
      <Filter>Header Files</Filter>
    </ClInclude>
    <ClInclude Include="include\x86\X86OperandType.h">
      <Filter>Header Files</Filter>
    </ClInclude>
    <ClInclude Include="include\x86\X86InstructionType.h">
      <Filter>Header Files</Filter>
    </ClInclude>
    <ClInclude Include="include\x86\X86Builder.h">
      <Filter>Header Files</Filter>
    </ClInclude>
    <ClInclude Include="include\x86\defs\X86Register.h">
      <Filter>Header Files</Filter>
    </ClInclude>
    <ClInclude Include="include\utility\Lazy.h">
      <Filter>Header Files</Filter>
    </ClInclude>
    <ClInclude Include="include\utility\Ranges.h">
      <Filter>Header Files</Filter>
    </ClInclude>
    <ClInclude Include="include\type\StructOrUnionType.h">
      <Filter>Header Files</Filter>
    </ClInclude>
    <ClInclude Include="include\type\ArrayType.h">
      <Filter>Header Files</Filter>
    </ClInclude>
    <ClInclude Include="include\type\EnumType.h">
      <Filter>Header Files</Filter>
    </ClInclude>
    <ClInclude Include="include\type\FloatType.h">
      <Filter>Header Files</Filter>
    </ClInclude>
    <ClInclude Include="include\type\FunctionType.h">
      <Filter>Header Files</Filter>
    </ClInclude>
    <ClInclude Include="include\type\IntType.h">
      <Filter>Header Files</Filter>
    </ClInclude>
    <ClInclude Include="include\type\PointerType.h">
      <Filter>Header Files</Filter>
    </ClInclude>
    <ClInclude Include="include\type\defs\StorageClass.h">
      <Filter>Header Files</Filter>
    </ClInclude>
    <ClInclude Include="include\type\TypedefNameType.h">
      <Filter>Header Files</Filter>
    </ClInclude>
    <ClInclude Include="include\type\VoidType.h">
      <Filter>Header Files</Filter>
    </ClInclude>
    <ClInclude Include="include\ast\statement\defs\StatementKind.h">
      <Filter>Header Files</Filter>
    </ClInclude>
    <ClInclude Include="include\ast\statement\StructDeclarationStatement.h">
      <Filter>Header Files</Filter>
    </ClInclude>
    <ClInclude Include="include\allocator\Value.h">
      <Filter>Header Files</Filter>
    </ClInclude>
    <ClInclude Include="include\ast\AST.h">
      <Filter>Header Files</Filter>
    </ClInclude>
    <ClInclude Include="include\utility\Sum.h">
      <Filter>Header Files</Filter>
    </ClInclude>
    <ClInclude Include="include\utility\Typing.h">
      <Filter>Header Files</Filter>
    </ClInclude>
    <ClInclude Include="include\ast\function\Function.h">
      <Filter>Header Files</Filter>
    </ClInclude>
    <ClInclude Include="include\builder\BMBuilder.h">
      <Filter>Header Files</Filter>
    </ClInclude>
    <ClInclude Include="include\builder\Builder.h">
      <Filter>Header Files</Filter>
    </ClInclude>
    <ClInclude Include="include\type\defs\TypeKind.h">
      <Filter>Header Files</Filter>
    </ClInclude>
    <ClInclude Include="include\ast\function\defs\FunctionKind.h">
      <Filter>Header Files</Filter>
    </ClInclude>
    <ClInclude Include="include\cli\defs\OptimizationFlag.h">
      <Filter>Header Files</Filter>
    </ClInclude>
    <ClInclude Include="include\riscv\defs\RISCVInstructionKind.h">
      <Filter>Header Files</Filter>
    </ClInclude>
    <ClInclude Include="include\utility\Formatter.h">
      <Filter>Header Files</Filter>
    </ClInclude>
    <ClInclude Include="include\x86\defs\X86OperandKind.h">
      <Filter>Header Files</Filter>
    </ClInclude>
    <ClInclude Include="include\x86\defs\X86InstructionKind.h">
      <Filter>Header Files</Filter>
    </ClInclude>
    <ClInclude Include="include\utility\Variant.h">
      <Filter>Header Files</Filter>
    </ClInclude>
    <ClInclude Include="include\allocator\defs\ValueKind.h">
      <Filter>Header Files</Filter>
    </ClInclude>
    <ClInclude Include="include\ast\declaration\Declaration.h">
      <Filter>Header Files</Filter>
    </ClInclude>
    <ClInclude Include="include\ast\declaration\defs\DeclarationKind.h">
      <Filter>Header Files</Filter>
    </ClInclude>
    <ClInclude Include="include\ast\expression\defs\ExpressionKind.h">
      <Filter>Header Files</Filter>
    </ClInclude>
    <ClInclude Include="include\toolchain\AssemblerParser.h">
      <Filter>Header Files</Filter>
    </ClInclude>
    <ClInclude Include="include\utility\AutoEnum.h">
      <Filter>Header Files</Filter>
    </ClInclude>
    <ClInclude Include="include\ir\defs\BinaryIntermediateKind.h">
      <Filter>Header Files</Filter>
    </ClInclude>
    <ClInclude Include="include\ir\defs\UnaryIntermediateKind.h">
      <Filter>Header Files</Filter>
    </ClInclude>
    <ClInclude Include="include\ir\defs\CompareIntermediateKind.h">
      <Filter>Header Files</Filter>
    </ClInclude>
    <ClInclude Include="include\ir\defs\IntermediateTypeKind.h">
      <Filter>Header Files</Filter>
    </ClInclude>
    <ClInclude Include="template\Skeleton.h">
      <Filter>Header Files</Filter>
    </ClInclude>
    <ClInclude Include="include\runtime\defs\VariableKind.h">
      <Filter>Header Files</Filter>
    </ClInclude>
    <ClInclude Include="include\type\TypeFormatter.h">
      <Filter>Header Files</Filter>
    </ClInclude>
    <ClInclude Include="include\type\defs\TypePrecedence.h">
      <Filter>Header Files</Filter>
    </ClInclude>
    <ClInclude Include="include\utility\AutoBitfield.h">
      <Filter>Header Files</Filter>
    </ClInclude>
    <ClInclude Include="include\runtime\Variable.h">
      <Filter>Header Files</Filter>
    </ClInclude>
    <ClInclude Include="include\runtime\Interpreter.h">
      <Filter>Header Files</Filter>
    </ClInclude>
    <ClInclude Include="include\runtime\Evaluation.h">
      <Filter>Header Files</Filter>
    </ClInclude>
    <ClInclude Include="include\utility\Strings.h">
      <Filter>Header Files</Filter>
    </ClInclude>
    <ClInclude Include="include\utility\ArenaAllocator.h">
      <Filter>Header Files</Filter>
    </ClInclude>
    <ClInclude Include="include\utility\AutoMacroTraits.h">
      <Filter>Header Files</Filter>
    </ClInclude>
  </ItemGroup>
</Project>